
Microsoft Visual Studio Solution File, Format Version 12.00
# Visual Studio 14
VisualStudioVersion = 14.0.25420.1
MinimumVisualStudioVersion = 10.0.40219.1
Project("{FAE04EC0-301F-11D3-BF4B-00C04F79EFBC}") = "App1", "App1\App1\App1.csproj", "{4D8F95E8-CB1B-45A1-B3CF-8B28357A7487}"
EndProject
Project("{FAE04EC0-301F-11D3-BF4B-00C04F79EFBC}") = "App1.Droid", "App1\App1.Droid\App1.Droid.csproj", "{2BAFE3BA-52A4-40BA-9E6E-C02CA39CEDA9}"
EndProject
Project("{FAE04EC0-301F-11D3-BF4B-00C04F79EFBC}") = "App1.iOS", "App1\App1.iOS\App1.iOS.csproj", "{D6EB7533-D570-4308-8053-06A5D4B19F6A}"
EndProject
Project("{FAE04EC0-301F-11D3-BF4B-00C04F79EFBC}") = "App1.WinPhone", "App1\App1.WinPhone\App1.WinPhone.csproj", "{F6A224EB-41F7-4556-9527-6559641C3DF9}"
EndProject
Project("{FAE04EC0-301F-11D3-BF4B-00C04F79EFBC}") = "App1.Windows", "App1\App1.Windows\App1.Windows.csproj", "{40C7E2C5-6F10-40B8-B50E-2B0D22605CBA}"
EndProject
Global
	GlobalSection(SolutionConfigurationPlatforms) = preSolution
		Ad-Hoc|Any CPU = Ad-Hoc|Any CPU
		Ad-Hoc|ARM = Ad-Hoc|ARM
		Ad-Hoc|iPhone = Ad-Hoc|iPhone
		Ad-Hoc|iPhoneSimulator = Ad-Hoc|iPhoneSimulator
		Ad-Hoc|x64 = Ad-Hoc|x64
		Ad-Hoc|x86 = Ad-Hoc|x86
		AppStore|Any CPU = AppStore|Any CPU
		AppStore|ARM = AppStore|ARM
		AppStore|iPhone = AppStore|iPhone
		AppStore|iPhoneSimulator = AppStore|iPhoneSimulator
		AppStore|x64 = AppStore|x64
		AppStore|x86 = AppStore|x86
		Debug|Any CPU = Debug|Any CPU
		Debug|ARM = Debug|ARM
		Debug|iPhone = Debug|iPhone
		Debug|iPhoneSimulator = Debug|iPhoneSimulator
		Debug|x64 = Debug|x64
		Debug|x86 = Debug|x86
		Release|Any CPU = Release|Any CPU
		Release|ARM = Release|ARM
		Release|iPhone = Release|iPhone
		Release|iPhoneSimulator = Release|iPhoneSimulator
		Release|x64 = Release|x64
		Release|x86 = Release|x86
	EndGlobalSection
	GlobalSection(ProjectConfigurationPlatforms) = postSolution
		{4D8F95E8-CB1B-45A1-B3CF-8B28357A7487}.Ad-Hoc|Any CPU.ActiveCfg = Release|Any CPU
		{4D8F95E8-CB1B-45A1-B3CF-8B28357A7487}.Ad-Hoc|Any CPU.Build.0 = Release|Any CPU
		{4D8F95E8-CB1B-45A1-B3CF-8B28357A7487}.Ad-Hoc|ARM.ActiveCfg = Release|Any CPU
		{4D8F95E8-CB1B-45A1-B3CF-8B28357A7487}.Ad-Hoc|ARM.Build.0 = Release|Any CPU
		{4D8F95E8-CB1B-45A1-B3CF-8B28357A7487}.Ad-Hoc|iPhone.ActiveCfg = Release|Any CPU
		{4D8F95E8-CB1B-45A1-B3CF-8B28357A7487}.Ad-Hoc|iPhone.Build.0 = Release|Any CPU
		{4D8F95E8-CB1B-45A1-B3CF-8B28357A7487}.Ad-Hoc|iPhoneSimulator.ActiveCfg = Release|Any CPU
		{4D8F95E8-CB1B-45A1-B3CF-8B28357A7487}.Ad-Hoc|iPhoneSimulator.Build.0 = Release|Any CPU
		{4D8F95E8-CB1B-45A1-B3CF-8B28357A7487}.Ad-Hoc|x64.ActiveCfg = Release|Any CPU
		{4D8F95E8-CB1B-45A1-B3CF-8B28357A7487}.Ad-Hoc|x64.Build.0 = Release|Any CPU
		{4D8F95E8-CB1B-45A1-B3CF-8B28357A7487}.Ad-Hoc|x86.ActiveCfg = Release|Any CPU
		{4D8F95E8-CB1B-45A1-B3CF-8B28357A7487}.Ad-Hoc|x86.Build.0 = Release|Any CPU
		{4D8F95E8-CB1B-45A1-B3CF-8B28357A7487}.AppStore|Any CPU.ActiveCfg = Release|Any CPU
		{4D8F95E8-CB1B-45A1-B3CF-8B28357A7487}.AppStore|Any CPU.Build.0 = Release|Any CPU
		{4D8F95E8-CB1B-45A1-B3CF-8B28357A7487}.AppStore|ARM.ActiveCfg = Release|Any CPU
		{4D8F95E8-CB1B-45A1-B3CF-8B28357A7487}.AppStore|ARM.Build.0 = Release|Any CPU
		{4D8F95E8-CB1B-45A1-B3CF-8B28357A7487}.AppStore|iPhone.ActiveCfg = Release|Any CPU
		{4D8F95E8-CB1B-45A1-B3CF-8B28357A7487}.AppStore|iPhone.Build.0 = Release|Any CPU
		{4D8F95E8-CB1B-45A1-B3CF-8B28357A7487}.AppStore|iPhoneSimulator.ActiveCfg = Release|Any CPU
		{4D8F95E8-CB1B-45A1-B3CF-8B28357A7487}.AppStore|iPhoneSimulator.Build.0 = Release|Any CPU
		{4D8F95E8-CB1B-45A1-B3CF-8B28357A7487}.AppStore|x64.ActiveCfg = Release|Any CPU
		{4D8F95E8-CB1B-45A1-B3CF-8B28357A7487}.AppStore|x64.Build.0 = Release|Any CPU
		{4D8F95E8-CB1B-45A1-B3CF-8B28357A7487}.AppStore|x86.ActiveCfg = Release|Any CPU
		{4D8F95E8-CB1B-45A1-B3CF-8B28357A7487}.AppStore|x86.Build.0 = Release|Any CPU
		{4D8F95E8-CB1B-45A1-B3CF-8B28357A7487}.Debug|Any CPU.ActiveCfg = Debug|Any CPU
		{4D8F95E8-CB1B-45A1-B3CF-8B28357A7487}.Debug|Any CPU.Build.0 = Debug|Any CPU
		{4D8F95E8-CB1B-45A1-B3CF-8B28357A7487}.Debug|ARM.ActiveCfg = Debug|Any CPU
		{4D8F95E8-CB1B-45A1-B3CF-8B28357A7487}.Debug|ARM.Build.0 = Debug|Any CPU
		{4D8F95E8-CB1B-45A1-B3CF-8B28357A7487}.Debug|iPhone.ActiveCfg = Debug|Any CPU
		{4D8F95E8-CB1B-45A1-B3CF-8B28357A7487}.Debug|iPhone.Build.0 = Debug|Any CPU
		{4D8F95E8-CB1B-45A1-B3CF-8B28357A7487}.Debug|iPhoneSimulator.ActiveCfg = Debug|Any CPU
		{4D8F95E8-CB1B-45A1-B3CF-8B28357A7487}.Debug|iPhoneSimulator.Build.0 = Debug|Any CPU
		{4D8F95E8-CB1B-45A1-B3CF-8B28357A7487}.Debug|x64.ActiveCfg = Debug|Any CPU
		{4D8F95E8-CB1B-45A1-B3CF-8B28357A7487}.Debug|x64.Build.0 = Debug|Any CPU
		{4D8F95E8-CB1B-45A1-B3CF-8B28357A7487}.Debug|x86.ActiveCfg = Debug|Any CPU
		{4D8F95E8-CB1B-45A1-B3CF-8B28357A7487}.Debug|x86.Build.0 = Debug|Any CPU
		{4D8F95E8-CB1B-45A1-B3CF-8B28357A7487}.Release|Any CPU.ActiveCfg = Release|Any CPU
		{4D8F95E8-CB1B-45A1-B3CF-8B28357A7487}.Release|Any CPU.Build.0 = Release|Any CPU
		{4D8F95E8-CB1B-45A1-B3CF-8B28357A7487}.Release|ARM.ActiveCfg = Release|Any CPU
		{4D8F95E8-CB1B-45A1-B3CF-8B28357A7487}.Release|ARM.Build.0 = Release|Any CPU
		{4D8F95E8-CB1B-45A1-B3CF-8B28357A7487}.Release|iPhone.ActiveCfg = Release|Any CPU
		{4D8F95E8-CB1B-45A1-B3CF-8B28357A7487}.Release|iPhone.Build.0 = Release|Any CPU
		{4D8F95E8-CB1B-45A1-B3CF-8B28357A7487}.Release|iPhoneSimulator.ActiveCfg = Release|Any CPU
		{4D8F95E8-CB1B-45A1-B3CF-8B28357A7487}.Release|iPhoneSimulator.Build.0 = Release|Any CPU
		{4D8F95E8-CB1B-45A1-B3CF-8B28357A7487}.Release|x64.ActiveCfg = Release|Any CPU
		{4D8F95E8-CB1B-45A1-B3CF-8B28357A7487}.Release|x64.Build.0 = Release|Any CPU
		{4D8F95E8-CB1B-45A1-B3CF-8B28357A7487}.Release|x86.ActiveCfg = Release|Any CPU
		{4D8F95E8-CB1B-45A1-B3CF-8B28357A7487}.Release|x86.Build.0 = Release|Any CPU
		{2BAFE3BA-52A4-40BA-9E6E-C02CA39CEDA9}.Ad-Hoc|Any CPU.ActiveCfg = Release|Any CPU
		{2BAFE3BA-52A4-40BA-9E6E-C02CA39CEDA9}.Ad-Hoc|Any CPU.Build.0 = Release|Any CPU
		{2BAFE3BA-52A4-40BA-9E6E-C02CA39CEDA9}.Ad-Hoc|Any CPU.Deploy.0 = Release|Any CPU
		{2BAFE3BA-52A4-40BA-9E6E-C02CA39CEDA9}.Ad-Hoc|ARM.ActiveCfg = Release|Any CPU
		{2BAFE3BA-52A4-40BA-9E6E-C02CA39CEDA9}.Ad-Hoc|ARM.Build.0 = Release|Any CPU
		{2BAFE3BA-52A4-40BA-9E6E-C02CA39CEDA9}.Ad-Hoc|ARM.Deploy.0 = Release|Any CPU
		{2BAFE3BA-52A4-40BA-9E6E-C02CA39CEDA9}.Ad-Hoc|iPhone.ActiveCfg = Release|Any CPU
		{2BAFE3BA-52A4-40BA-9E6E-C02CA39CEDA9}.Ad-Hoc|iPhone.Build.0 = Release|Any CPU
		{2BAFE3BA-52A4-40BA-9E6E-C02CA39CEDA9}.Ad-Hoc|iPhone.Deploy.0 = Release|Any CPU
		{2BAFE3BA-52A4-40BA-9E6E-C02CA39CEDA9}.Ad-Hoc|iPhoneSimulator.ActiveCfg = Release|Any CPU
		{2BAFE3BA-52A4-40BA-9E6E-C02CA39CEDA9}.Ad-Hoc|iPhoneSimulator.Build.0 = Release|Any CPU
		{2BAFE3BA-52A4-40BA-9E6E-C02CA39CEDA9}.Ad-Hoc|iPhoneSimulator.Deploy.0 = Release|Any CPU
		{2BAFE3BA-52A4-40BA-9E6E-C02CA39CEDA9}.Ad-Hoc|x64.ActiveCfg = Release|Any CPU
		{2BAFE3BA-52A4-40BA-9E6E-C02CA39CEDA9}.Ad-Hoc|x64.Build.0 = Release|Any CPU
		{2BAFE3BA-52A4-40BA-9E6E-C02CA39CEDA9}.Ad-Hoc|x64.Deploy.0 = Release|Any CPU
		{2BAFE3BA-52A4-40BA-9E6E-C02CA39CEDA9}.Ad-Hoc|x86.ActiveCfg = Release|Any CPU
		{2BAFE3BA-52A4-40BA-9E6E-C02CA39CEDA9}.Ad-Hoc|x86.Build.0 = Release|Any CPU
		{2BAFE3BA-52A4-40BA-9E6E-C02CA39CEDA9}.Ad-Hoc|x86.Deploy.0 = Release|Any CPU
		{2BAFE3BA-52A4-40BA-9E6E-C02CA39CEDA9}.AppStore|Any CPU.ActiveCfg = Release|Any CPU
		{2BAFE3BA-52A4-40BA-9E6E-C02CA39CEDA9}.AppStore|Any CPU.Build.0 = Release|Any CPU
		{2BAFE3BA-52A4-40BA-9E6E-C02CA39CEDA9}.AppStore|Any CPU.Deploy.0 = Release|Any CPU
		{2BAFE3BA-52A4-40BA-9E6E-C02CA39CEDA9}.AppStore|ARM.ActiveCfg = Release|Any CPU
		{2BAFE3BA-52A4-40BA-9E6E-C02CA39CEDA9}.AppStore|ARM.Build.0 = Release|Any CPU
		{2BAFE3BA-52A4-40BA-9E6E-C02CA39CEDA9}.AppStore|ARM.Deploy.0 = Release|Any CPU
		{2BAFE3BA-52A4-40BA-9E6E-C02CA39CEDA9}.AppStore|iPhone.ActiveCfg = Release|Any CPU
		{2BAFE3BA-52A4-40BA-9E6E-C02CA39CEDA9}.AppStore|iPhone.Build.0 = Release|Any CPU
		{2BAFE3BA-52A4-40BA-9E6E-C02CA39CEDA9}.AppStore|iPhone.Deploy.0 = Release|Any CPU
		{2BAFE3BA-52A4-40BA-9E6E-C02CA39CEDA9}.AppStore|iPhoneSimulator.ActiveCfg = Release|Any CPU
		{2BAFE3BA-52A4-40BA-9E6E-C02CA39CEDA9}.AppStore|iPhoneSimulator.Build.0 = Release|Any CPU
		{2BAFE3BA-52A4-40BA-9E6E-C02CA39CEDA9}.AppStore|iPhoneSimulator.Deploy.0 = Release|Any CPU
		{2BAFE3BA-52A4-40BA-9E6E-C02CA39CEDA9}.AppStore|x64.ActiveCfg = Release|Any CPU
		{2BAFE3BA-52A4-40BA-9E6E-C02CA39CEDA9}.AppStore|x64.Build.0 = Release|Any CPU
		{2BAFE3BA-52A4-40BA-9E6E-C02CA39CEDA9}.AppStore|x64.Deploy.0 = Release|Any CPU
		{2BAFE3BA-52A4-40BA-9E6E-C02CA39CEDA9}.AppStore|x86.ActiveCfg = Release|Any CPU
		{2BAFE3BA-52A4-40BA-9E6E-C02CA39CEDA9}.AppStore|x86.Build.0 = Release|Any CPU
		{2BAFE3BA-52A4-40BA-9E6E-C02CA39CEDA9}.AppStore|x86.Deploy.0 = Release|Any CPU
		{2BAFE3BA-52A4-40BA-9E6E-C02CA39CEDA9}.Debug|Any CPU.ActiveCfg = Debug|Any CPU
		{2BAFE3BA-52A4-40BA-9E6E-C02CA39CEDA9}.Debug|Any CPU.Build.0 = Debug|Any CPU
		{2BAFE3BA-52A4-40BA-9E6E-C02CA39CEDA9}.Debug|Any CPU.Deploy.0 = Debug|Any CPU
		{2BAFE3BA-52A4-40BA-9E6E-C02CA39CEDA9}.Debug|ARM.ActiveCfg = Debug|Any CPU
		{2BAFE3BA-52A4-40BA-9E6E-C02CA39CEDA9}.Debug|ARM.Build.0 = Debug|Any CPU
		{2BAFE3BA-52A4-40BA-9E6E-C02CA39CEDA9}.Debug|ARM.Deploy.0 = Debug|Any CPU
		{2BAFE3BA-52A4-40BA-9E6E-C02CA39CEDA9}.Debug|iPhone.ActiveCfg = Debug|Any CPU
		{2BAFE3BA-52A4-40BA-9E6E-C02CA39CEDA9}.Debug|iPhone.Build.0 = Debug|Any CPU
		{2BAFE3BA-52A4-40BA-9E6E-C02CA39CEDA9}.Debug|iPhone.Deploy.0 = Debug|Any CPU
		{2BAFE3BA-52A4-40BA-9E6E-C02CA39CEDA9}.Debug|iPhoneSimulator.ActiveCfg = Debug|Any CPU
		{2BAFE3BA-52A4-40BA-9E6E-C02CA39CEDA9}.Debug|iPhoneSimulator.Build.0 = Debug|Any CPU
		{2BAFE3BA-52A4-40BA-9E6E-C02CA39CEDA9}.Debug|iPhoneSimulator.Deploy.0 = Debug|Any CPU
		{2BAFE3BA-52A4-40BA-9E6E-C02CA39CEDA9}.Debug|x64.ActiveCfg = Debug|Any CPU
		{2BAFE3BA-52A4-40BA-9E6E-C02CA39CEDA9}.Debug|x64.Build.0 = Debug|Any CPU
		{2BAFE3BA-52A4-40BA-9E6E-C02CA39CEDA9}.Debug|x64.Deploy.0 = Debug|Any CPU
		{2BAFE3BA-52A4-40BA-9E6E-C02CA39CEDA9}.Debug|x86.ActiveCfg = Debug|Any CPU
		{2BAFE3BA-52A4-40BA-9E6E-C02CA39CEDA9}.Debug|x86.Build.0 = Debug|Any CPU
		{2BAFE3BA-52A4-40BA-9E6E-C02CA39CEDA9}.Debug|x86.Deploy.0 = Debug|Any CPU
		{2BAFE3BA-52A4-40BA-9E6E-C02CA39CEDA9}.Release|Any CPU.ActiveCfg = Release|Any CPU
		{2BAFE3BA-52A4-40BA-9E6E-C02CA39CEDA9}.Release|Any CPU.Build.0 = Release|Any CPU
		{2BAFE3BA-52A4-40BA-9E6E-C02CA39CEDA9}.Release|Any CPU.Deploy.0 = Release|Any CPU
		{2BAFE3BA-52A4-40BA-9E6E-C02CA39CEDA9}.Release|ARM.ActiveCfg = Release|Any CPU
		{2BAFE3BA-52A4-40BA-9E6E-C02CA39CEDA9}.Release|ARM.Build.0 = Release|Any CPU
		{2BAFE3BA-52A4-40BA-9E6E-C02CA39CEDA9}.Release|ARM.Deploy.0 = Release|Any CPU
		{2BAFE3BA-52A4-40BA-9E6E-C02CA39CEDA9}.Release|iPhone.ActiveCfg = Release|Any CPU
		{2BAFE3BA-52A4-40BA-9E6E-C02CA39CEDA9}.Release|iPhone.Build.0 = Release|Any CPU
		{2BAFE3BA-52A4-40BA-9E6E-C02CA39CEDA9}.Release|iPhone.Deploy.0 = Release|Any CPU
		{2BAFE3BA-52A4-40BA-9E6E-C02CA39CEDA9}.Release|iPhoneSimulator.ActiveCfg = Release|Any CPU
		{2BAFE3BA-52A4-40BA-9E6E-C02CA39CEDA9}.Release|iPhoneSimulator.Build.0 = Release|Any CPU
		{2BAFE3BA-52A4-40BA-9E6E-C02CA39CEDA9}.Release|iPhoneSimulator.Deploy.0 = Release|Any CPU
		{2BAFE3BA-52A4-40BA-9E6E-C02CA39CEDA9}.Release|x64.ActiveCfg = Release|Any CPU
		{2BAFE3BA-52A4-40BA-9E6E-C02CA39CEDA9}.Release|x64.Build.0 = Release|Any CPU
		{2BAFE3BA-52A4-40BA-9E6E-C02CA39CEDA9}.Release|x64.Deploy.0 = Release|Any CPU
		{2BAFE3BA-52A4-40BA-9E6E-C02CA39CEDA9}.Release|x86.ActiveCfg = Release|Any CPU
		{2BAFE3BA-52A4-40BA-9E6E-C02CA39CEDA9}.Release|x86.Build.0 = Release|Any CPU
		{2BAFE3BA-52A4-40BA-9E6E-C02CA39CEDA9}.Release|x86.Deploy.0 = Release|Any CPU
		{D6EB7533-D570-4308-8053-06A5D4B19F6A}.Ad-Hoc|Any CPU.ActiveCfg = Ad-Hoc|iPhone
		{D6EB7533-D570-4308-8053-06A5D4B19F6A}.Ad-Hoc|ARM.ActiveCfg = Ad-Hoc|iPhone
		{D6EB7533-D570-4308-8053-06A5D4B19F6A}.Ad-Hoc|iPhone.ActiveCfg = Ad-Hoc|iPhone
		{D6EB7533-D570-4308-8053-06A5D4B19F6A}.Ad-Hoc|iPhone.Build.0 = Ad-Hoc|iPhone
		{D6EB7533-D570-4308-8053-06A5D4B19F6A}.Ad-Hoc|iPhoneSimulator.ActiveCfg = Ad-Hoc|iPhoneSimulator
		{D6EB7533-D570-4308-8053-06A5D4B19F6A}.Ad-Hoc|iPhoneSimulator.Build.0 = Ad-Hoc|iPhoneSimulator
		{D6EB7533-D570-4308-8053-06A5D4B19F6A}.Ad-Hoc|x64.ActiveCfg = Ad-Hoc|iPhone
		{D6EB7533-D570-4308-8053-06A5D4B19F6A}.Ad-Hoc|x86.ActiveCfg = Ad-Hoc|iPhone
		{D6EB7533-D570-4308-8053-06A5D4B19F6A}.AppStore|Any CPU.ActiveCfg = AppStore|iPhone
		{D6EB7533-D570-4308-8053-06A5D4B19F6A}.AppStore|ARM.ActiveCfg = AppStore|iPhone
		{D6EB7533-D570-4308-8053-06A5D4B19F6A}.AppStore|iPhone.ActiveCfg = AppStore|iPhone
		{D6EB7533-D570-4308-8053-06A5D4B19F6A}.AppStore|iPhone.Build.0 = AppStore|iPhone
		{D6EB7533-D570-4308-8053-06A5D4B19F6A}.AppStore|iPhoneSimulator.ActiveCfg = AppStore|iPhoneSimulator
		{D6EB7533-D570-4308-8053-06A5D4B19F6A}.AppStore|iPhoneSimulator.Build.0 = AppStore|iPhoneSimulator
		{D6EB7533-D570-4308-8053-06A5D4B19F6A}.AppStore|x64.ActiveCfg = AppStore|iPhone
		{D6EB7533-D570-4308-8053-06A5D4B19F6A}.AppStore|x86.ActiveCfg = AppStore|iPhone
		{D6EB7533-D570-4308-8053-06A5D4B19F6A}.Debug|Any CPU.ActiveCfg = Debug|iPhone
		{D6EB7533-D570-4308-8053-06A5D4B19F6A}.Debug|ARM.ActiveCfg = Debug|iPhone
		{D6EB7533-D570-4308-8053-06A5D4B19F6A}.Debug|iPhone.ActiveCfg = Debug|iPhone
		{D6EB7533-D570-4308-8053-06A5D4B19F6A}.Debug|iPhone.Build.0 = Debug|iPhone
		{D6EB7533-D570-4308-8053-06A5D4B19F6A}.Debug|iPhoneSimulator.ActiveCfg = Debug|iPhoneSimulator
		{D6EB7533-D570-4308-8053-06A5D4B19F6A}.Debug|iPhoneSimulator.Build.0 = Debug|iPhoneSimulator
		{D6EB7533-D570-4308-8053-06A5D4B19F6A}.Debug|x64.ActiveCfg = Debug|iPhone
		{D6EB7533-D570-4308-8053-06A5D4B19F6A}.Debug|x86.ActiveCfg = Debug|iPhone
		{D6EB7533-D570-4308-8053-06A5D4B19F6A}.Release|Any CPU.ActiveCfg = Release|iPhone
		{D6EB7533-D570-4308-8053-06A5D4B19F6A}.Release|ARM.ActiveCfg = Release|iPhone
		{D6EB7533-D570-4308-8053-06A5D4B19F6A}.Release|iPhone.ActiveCfg = Release|iPhone
		{D6EB7533-D570-4308-8053-06A5D4B19F6A}.Release|iPhone.Build.0 = Release|iPhone
		{D6EB7533-D570-4308-8053-06A5D4B19F6A}.Release|iPhoneSimulator.ActiveCfg = Release|iPhoneSimulator
		{D6EB7533-D570-4308-8053-06A5D4B19F6A}.Release|iPhoneSimulator.Build.0 = Release|iPhoneSimulator
		{D6EB7533-D570-4308-8053-06A5D4B19F6A}.Release|x64.ActiveCfg = Release|iPhone
		{D6EB7533-D570-4308-8053-06A5D4B19F6A}.Release|x86.ActiveCfg = Release|iPhone
		{F6A224EB-41F7-4556-9527-6559641C3DF9}.Ad-Hoc|Any CPU.ActiveCfg = Release|Any CPU
		{F6A224EB-41F7-4556-9527-6559641C3DF9}.Ad-Hoc|Any CPU.Build.0 = Release|Any CPU
		{F6A224EB-41F7-4556-9527-6559641C3DF9}.Ad-Hoc|Any CPU.Deploy.0 = Release|Any CPU
		{F6A224EB-41F7-4556-9527-6559641C3DF9}.Ad-Hoc|ARM.ActiveCfg = Release|ARM
		{F6A224EB-41F7-4556-9527-6559641C3DF9}.Ad-Hoc|ARM.Build.0 = Release|ARM
		{F6A224EB-41F7-4556-9527-6559641C3DF9}.Ad-Hoc|ARM.Deploy.0 = Release|ARM
		{F6A224EB-41F7-4556-9527-6559641C3DF9}.Ad-Hoc|iPhone.ActiveCfg = Release|Any CPU
		{F6A224EB-41F7-4556-9527-6559641C3DF9}.Ad-Hoc|iPhone.Build.0 = Release|Any CPU
		{F6A224EB-41F7-4556-9527-6559641C3DF9}.Ad-Hoc|iPhone.Deploy.0 = Release|Any CPU
		{F6A224EB-41F7-4556-9527-6559641C3DF9}.Ad-Hoc|iPhoneSimulator.ActiveCfg = Release|Any CPU
		{F6A224EB-41F7-4556-9527-6559641C3DF9}.Ad-Hoc|iPhoneSimulator.Build.0 = Release|Any CPU
		{F6A224EB-41F7-4556-9527-6559641C3DF9}.Ad-Hoc|iPhoneSimulator.Deploy.0 = Release|Any CPU
		{F6A224EB-41F7-4556-9527-6559641C3DF9}.Ad-Hoc|x64.ActiveCfg = Release|Any CPU
		{F6A224EB-41F7-4556-9527-6559641C3DF9}.Ad-Hoc|x64.Build.0 = Release|Any CPU
		{F6A224EB-41F7-4556-9527-6559641C3DF9}.Ad-Hoc|x64.Deploy.0 = Release|Any CPU
		{F6A224EB-41F7-4556-9527-6559641C3DF9}.Ad-Hoc|x86.ActiveCfg = Release|x86
		{F6A224EB-41F7-4556-9527-6559641C3DF9}.Ad-Hoc|x86.Build.0 = Release|x86
		{F6A224EB-41F7-4556-9527-6559641C3DF9}.Ad-Hoc|x86.Deploy.0 = Release|x86
		{F6A224EB-41F7-4556-9527-6559641C3DF9}.AppStore|Any CPU.ActiveCfg = Release|Any CPU
		{F6A224EB-41F7-4556-9527-6559641C3DF9}.AppStore|Any CPU.Build.0 = Release|Any CPU
		{F6A224EB-41F7-4556-9527-6559641C3DF9}.AppStore|Any CPU.Deploy.0 = Release|Any CPU
		{F6A224EB-41F7-4556-9527-6559641C3DF9}.AppStore|ARM.ActiveCfg = Release|ARM
		{F6A224EB-41F7-4556-9527-6559641C3DF9}.AppStore|ARM.Build.0 = Release|ARM
		{F6A224EB-41F7-4556-9527-6559641C3DF9}.AppStore|ARM.Deploy.0 = Release|ARM
		{F6A224EB-41F7-4556-9527-6559641C3DF9}.AppStore|iPhone.ActiveCfg = Release|Any CPU
		{F6A224EB-41F7-4556-9527-6559641C3DF9}.AppStore|iPhone.Build.0 = Release|Any CPU
		{F6A224EB-41F7-4556-9527-6559641C3DF9}.AppStore|iPhone.Deploy.0 = Release|Any CPU
		{F6A224EB-41F7-4556-9527-6559641C3DF9}.AppStore|iPhoneSimulator.ActiveCfg = Release|Any CPU
		{F6A224EB-41F7-4556-9527-6559641C3DF9}.AppStore|iPhoneSimulator.Build.0 = Release|Any CPU
		{F6A224EB-41F7-4556-9527-6559641C3DF9}.AppStore|iPhoneSimulator.Deploy.0 = Release|Any CPU
		{F6A224EB-41F7-4556-9527-6559641C3DF9}.AppStore|x64.ActiveCfg = Release|Any CPU
		{F6A224EB-41F7-4556-9527-6559641C3DF9}.AppStore|x64.Build.0 = Release|Any CPU
		{F6A224EB-41F7-4556-9527-6559641C3DF9}.AppStore|x64.Deploy.0 = Release|Any CPU
		{F6A224EB-41F7-4556-9527-6559641C3DF9}.AppStore|x86.ActiveCfg = Release|x86
		{F6A224EB-41F7-4556-9527-6559641C3DF9}.AppStore|x86.Build.0 = Release|x86
		{F6A224EB-41F7-4556-9527-6559641C3DF9}.AppStore|x86.Deploy.0 = Release|x86
		{F6A224EB-41F7-4556-9527-6559641C3DF9}.Debug|Any CPU.ActiveCfg = Debug|Any CPU
		{F6A224EB-41F7-4556-9527-6559641C3DF9}.Debug|Any CPU.Build.0 = Debug|Any CPU
		{F6A224EB-41F7-4556-9527-6559641C3DF9}.Debug|Any CPU.Deploy.0 = Debug|Any CPU
		{F6A224EB-41F7-4556-9527-6559641C3DF9}.Debug|ARM.ActiveCfg = Debug|ARM
		{F6A224EB-41F7-4556-9527-6559641C3DF9}.Debug|ARM.Build.0 = Debug|ARM
		{F6A224EB-41F7-4556-9527-6559641C3DF9}.Debug|ARM.Deploy.0 = Debug|ARM
		{F6A224EB-41F7-4556-9527-6559641C3DF9}.Debug|iPhone.ActiveCfg = Debug|Any CPU
		{F6A224EB-41F7-4556-9527-6559641C3DF9}.Debug|iPhone.Build.0 = Debug|Any CPU
		{F6A224EB-41F7-4556-9527-6559641C3DF9}.Debug|iPhone.Deploy.0 = Debug|Any CPU
		{F6A224EB-41F7-4556-9527-6559641C3DF9}.Debug|iPhoneSimulator.ActiveCfg = Debug|Any CPU
		{F6A224EB-41F7-4556-9527-6559641C3DF9}.Debug|iPhoneSimulator.Build.0 = Debug|Any CPU
		{F6A224EB-41F7-4556-9527-6559641C3DF9}.Debug|iPhoneSimulator.Deploy.0 = Debug|Any CPU
		{F6A224EB-41F7-4556-9527-6559641C3DF9}.Debug|x64.ActiveCfg = Debug|Any CPU
		{F6A224EB-41F7-4556-9527-6559641C3DF9}.Debug|x64.Build.0 = Debug|Any CPU
		{F6A224EB-41F7-4556-9527-6559641C3DF9}.Debug|x64.Deploy.0 = Debug|Any CPU
		{F6A224EB-41F7-4556-9527-6559641C3DF9}.Debug|x86.ActiveCfg = Debug|x86
		{F6A224EB-41F7-4556-9527-6559641C3DF9}.Debug|x86.Build.0 = Debug|x86
		{F6A224EB-41F7-4556-9527-6559641C3DF9}.Debug|x86.Deploy.0 = Debug|x86
		{F6A224EB-41F7-4556-9527-6559641C3DF9}.Release|Any CPU.ActiveCfg = Release|Any CPU
		{F6A224EB-41F7-4556-9527-6559641C3DF9}.Release|Any CPU.Build.0 = Release|Any CPU
		{F6A224EB-41F7-4556-9527-6559641C3DF9}.Release|Any CPU.Deploy.0 = Release|Any CPU
		{F6A224EB-41F7-4556-9527-6559641C3DF9}.Release|ARM.ActiveCfg = Release|ARM
		{F6A224EB-41F7-4556-9527-6559641C3DF9}.Release|ARM.Build.0 = Release|ARM
		{F6A224EB-41F7-4556-9527-6559641C3DF9}.Release|ARM.Deploy.0 = Release|ARM
		{F6A224EB-41F7-4556-9527-6559641C3DF9}.Release|iPhone.ActiveCfg = Release|Any CPU
		{F6A224EB-41F7-4556-9527-6559641C3DF9}.Release|iPhone.Build.0 = Release|Any CPU
		{F6A224EB-41F7-4556-9527-6559641C3DF9}.Release|iPhone.Deploy.0 = Release|Any CPU
		{F6A224EB-41F7-4556-9527-6559641C3DF9}.Release|iPhoneSimulator.ActiveCfg = Release|Any CPU
		{F6A224EB-41F7-4556-9527-6559641C3DF9}.Release|iPhoneSimulator.Build.0 = Release|Any CPU
		{F6A224EB-41F7-4556-9527-6559641C3DF9}.Release|iPhoneSimulator.Deploy.0 = Release|Any CPU
		{F6A224EB-41F7-4556-9527-6559641C3DF9}.Release|x64.ActiveCfg = Release|Any CPU
		{F6A224EB-41F7-4556-9527-6559641C3DF9}.Release|x64.Build.0 = Release|Any CPU
		{F6A224EB-41F7-4556-9527-6559641C3DF9}.Release|x64.Deploy.0 = Release|Any CPU
		{F6A224EB-41F7-4556-9527-6559641C3DF9}.Release|x86.ActiveCfg = Release|x86
		{F6A224EB-41F7-4556-9527-6559641C3DF9}.Release|x86.Build.0 = Release|x86
		{F6A224EB-41F7-4556-9527-6559641C3DF9}.Release|x86.Deploy.0 = Release|x86
		{40C7E2C5-6F10-40B8-B50E-2B0D22605CBA}.Ad-Hoc|Any CPU.ActiveCfg = Release|Any CPU
		{40C7E2C5-6F10-40B8-B50E-2B0D22605CBA}.Ad-Hoc|Any CPU.Build.0 = Release|Any CPU
		{40C7E2C5-6F10-40B8-B50E-2B0D22605CBA}.Ad-Hoc|Any CPU.Deploy.0 = Release|Any CPU
		{40C7E2C5-6F10-40B8-B50E-2B0D22605CBA}.Ad-Hoc|ARM.ActiveCfg = Release|ARM
		{40C7E2C5-6F10-40B8-B50E-2B0D22605CBA}.Ad-Hoc|ARM.Build.0 = Release|ARM
		{40C7E2C5-6F10-40B8-B50E-2B0D22605CBA}.Ad-Hoc|ARM.Deploy.0 = Release|ARM
		{40C7E2C5-6F10-40B8-B50E-2B0D22605CBA}.Ad-Hoc|iPhone.ActiveCfg = Release|Any CPU
		{40C7E2C5-6F10-40B8-B50E-2B0D22605CBA}.Ad-Hoc|iPhone.Build.0 = Release|Any CPU
		{40C7E2C5-6F10-40B8-B50E-2B0D22605CBA}.Ad-Hoc|iPhone.Deploy.0 = Release|Any CPU
		{40C7E2C5-6F10-40B8-B50E-2B0D22605CBA}.Ad-Hoc|iPhoneSimulator.ActiveCfg = Release|Any CPU
		{40C7E2C5-6F10-40B8-B50E-2B0D22605CBA}.Ad-Hoc|iPhoneSimulator.Build.0 = Release|Any CPU
		{40C7E2C5-6F10-40B8-B50E-2B0D22605CBA}.Ad-Hoc|iPhoneSimulator.Deploy.0 = Release|Any CPU
		{40C7E2C5-6F10-40B8-B50E-2B0D22605CBA}.Ad-Hoc|x64.ActiveCfg = Release|x64
		{40C7E2C5-6F10-40B8-B50E-2B0D22605CBA}.Ad-Hoc|x64.Build.0 = Release|x64
		{40C7E2C5-6F10-40B8-B50E-2B0D22605CBA}.Ad-Hoc|x64.Deploy.0 = Release|x64
		{40C7E2C5-6F10-40B8-B50E-2B0D22605CBA}.Ad-Hoc|x86.ActiveCfg = Release|x86
		{40C7E2C5-6F10-40B8-B50E-2B0D22605CBA}.Ad-Hoc|x86.Build.0 = Release|x86
		{40C7E2C5-6F10-40B8-B50E-2B0D22605CBA}.Ad-Hoc|x86.Deploy.0 = Release|x86
		{40C7E2C5-6F10-40B8-B50E-2B0D22605CBA}.AppStore|Any CPU.ActiveCfg = Release|Any CPU
		{40C7E2C5-6F10-40B8-B50E-2B0D22605CBA}.AppStore|Any CPU.Build.0 = Release|Any CPU
		{40C7E2C5-6F10-40B8-B50E-2B0D22605CBA}.AppStore|Any CPU.Deploy.0 = Release|Any CPU
		{40C7E2C5-6F10-40B8-B50E-2B0D22605CBA}.AppStore|ARM.ActiveCfg = Release|ARM
		{40C7E2C5-6F10-40B8-B50E-2B0D22605CBA}.AppStore|ARM.Build.0 = Release|ARM
		{40C7E2C5-6F10-40B8-B50E-2B0D22605CBA}.AppStore|ARM.Deploy.0 = Release|ARM
		{40C7E2C5-6F10-40B8-B50E-2B0D22605CBA}.AppStore|iPhone.ActiveCfg = Release|Any CPU
		{40C7E2C5-6F10-40B8-B50E-2B0D22605CBA}.AppStore|iPhone.Build.0 = Release|Any CPU
		{40C7E2C5-6F10-40B8-B50E-2B0D22605CBA}.AppStore|iPhone.Deploy.0 = Release|Any CPU
		{40C7E2C5-6F10-40B8-B50E-2B0D22605CBA}.AppStore|iPhoneSimulator.ActiveCfg = Release|Any CPU
		{40C7E2C5-6F10-40B8-B50E-2B0D22605CBA}.AppStore|iPhoneSimulator.Build.0 = Release|Any CPU
		{40C7E2C5-6F10-40B8-B50E-2B0D22605CBA}.AppStore|iPhoneSimulator.Deploy.0 = Release|Any CPU
		{40C7E2C5-6F10-40B8-B50E-2B0D22605CBA}.AppStore|x64.ActiveCfg = Release|x64
		{40C7E2C5-6F10-40B8-B50E-2B0D22605CBA}.AppStore|x64.Build.0 = Release|x64
		{40C7E2C5-6F10-40B8-B50E-2B0D22605CBA}.AppStore|x64.Deploy.0 = Release|x64
		{40C7E2C5-6F10-40B8-B50E-2B0D22605CBA}.AppStore|x86.ActiveCfg = Release|x86
		{40C7E2C5-6F10-40B8-B50E-2B0D22605CBA}.AppStore|x86.Build.0 = Release|x86
		{40C7E2C5-6F10-40B8-B50E-2B0D22605CBA}.AppStore|x86.Deploy.0 = Release|x86
		{40C7E2C5-6F10-40B8-B50E-2B0D22605CBA}.Debug|Any CPU.ActiveCfg = Debug|Any CPU
		{40C7E2C5-6F10-40B8-B50E-2B0D22605CBA}.Debug|Any CPU.Build.0 = Debug|Any CPU
		{40C7E2C5-6F10-40B8-B50E-2B0D22605CBA}.Debug|Any CPU.Deploy.0 = Debug|Any CPU
		{40C7E2C5-6F10-40B8-B50E-2B0D22605CBA}.Debug|ARM.ActiveCfg = Debug|ARM
		{40C7E2C5-6F10-40B8-B50E-2B0D22605CBA}.Debug|ARM.Build.0 = Debug|ARM
		{40C7E2C5-6F10-40B8-B50E-2B0D22605CBA}.Debug|ARM.Deploy.0 = Debug|ARM
		{40C7E2C5-6F10-40B8-B50E-2B0D22605CBA}.Debug|iPhone.ActiveCfg = Debug|Any CPU
		{40C7E2C5-6F10-40B8-B50E-2B0D22605CBA}.Debug|iPhone.Build.0 = Debug|Any CPU
		{40C7E2C5-6F10-40B8-B50E-2B0D22605CBA}.Debug|iPhone.Deploy.0 = Debug|Any CPU
		{40C7E2C5-6F10-40B8-B50E-2B0D22605CBA}.Debug|iPhoneSimulator.ActiveCfg = Debug|Any CPU
		{40C7E2C5-6F10-40B8-B50E-2B0D22605CBA}.Debug|iPhoneSimulator.Build.0 = Debug|Any CPU
		{40C7E2C5-6F10-40B8-B50E-2B0D22605CBA}.Debug|iPhoneSimulator.Deploy.0 = Debug|Any CPU
		{40C7E2C5-6F10-40B8-B50E-2B0D22605CBA}.Debug|x64.ActiveCfg = Debug|x64
		{40C7E2C5-6F10-40B8-B50E-2B0D22605CBA}.Debug|x64.Build.0 = Debug|x64
		{40C7E2C5-6F10-40B8-B50E-2B0D22605CBA}.Debug|x64.Deploy.0 = Debug|x64
		{40C7E2C5-6F10-40B8-B50E-2B0D22605CBA}.Debug|x86.ActiveCfg = Debug|x86
		{40C7E2C5-6F10-40B8-B50E-2B0D22605CBA}.Debug|x86.Build.0 = Debug|x86
		{40C7E2C5-6F10-40B8-B50E-2B0D22605CBA}.Debug|x86.Deploy.0 = Debug|x86
		{40C7E2C5-6F10-40B8-B50E-2B0D22605CBA}.Release|Any CPU.ActiveCfg = Release|Any CPU
		{40C7E2C5-6F10-40B8-B50E-2B0D22605CBA}.Release|Any CPU.Build.0 = Release|Any CPU
		{40C7E2C5-6F10-40B8-B50E-2B0D22605CBA}.Release|Any CPU.Deploy.0 = Release|Any CPU
		{40C7E2C5-6F10-40B8-B50E-2B0D22605CBA}.Release|ARM.ActiveCfg = Release|ARM
		{40C7E2C5-6F10-40B8-B50E-2B0D22605CBA}.Release|ARM.Build.0 = Release|ARM
		{40C7E2C5-6F10-40B8-B50E-2B0D22605CBA}.Release|ARM.Deploy.0 = Release|ARM
		{40C7E2C5-6F10-40B8-B50E-2B0D22605CBA}.Release|iPhone.ActiveCfg = Release|Any CPU
		{40C7E2C5-6F10-40B8-B50E-2B0D22605CBA}.Release|iPhone.Build.0 = Release|Any CPU
		{40C7E2C5-6F10-40B8-B50E-2B0D22605CBA}.Release|iPhone.Deploy.0 = Release|Any CPU
		{40C7E2C5-6F10-40B8-B50E-2B0D22605CBA}.Release|iPhoneSimulator.ActiveCfg = Release|Any CPU
		{40C7E2C5-6F10-40B8-B50E-2B0D22605CBA}.Release|iPhoneSimulator.Build.0 = Release|Any CPU
		{40C7E2C5-6F10-40B8-B50E-2B0D22605CBA}.Release|iPhoneSimulator.Deploy.0 = Release|Any CPU
		{40C7E2C5-6F10-40B8-B50E-2B0D22605CBA}.Release|x64.ActiveCfg = Release|x64
		{40C7E2C5-6F10-40B8-B50E-2B0D22605CBA}.Release|x64.Build.0 = Release|x64
		{40C7E2C5-6F10-40B8-B50E-2B0D22605CBA}.Release|x64.Deploy.0 = Release|x64
		{40C7E2C5-6F10-40B8-B50E-2B0D22605CBA}.Release|x86.ActiveCfg = Release|x86
		{40C7E2C5-6F10-40B8-B50E-2B0D22605CBA}.Release|x86.Build.0 = Release|x86
		{40C7E2C5-6F10-40B8-B50E-2B0D22605CBA}.Release|x86.Deploy.0 = Release|x86
	EndGlobalSection
	GlobalSection(SolutionProperties) = preSolution
		HideSolutionNode = FALSE
	EndGlobalSection
EndGlobal
